{
    "name": "base_project",
    "version": "1.0.0",
    "lockfileVersion": 2,
    "requires": true,
    "packages": {
        "": {
            "version": "1.0.0",
            "license": "ISC",
            "dependencies": {
                "@scope/scoped_project": "file:local_modules/scope-scoped_project-1.0.0.tgz",
                "embedded_project": "file:local_modules/embedded_project",
                "external_project": "file:local_modules/external_project-1.0.0.tgz",
                "nest_project": "file:local_modules/nest_project-1.0.0.tgz",
                "nested_project": "file:local_modules/nested_project-1.0.0.tgz"
            }
        },
        "local_modules/embedded_project": {
            "version": "1.0.0",
            "license": "ISC",
            "dependencies": {
                "is-browser": "^1.0.0"
            }
        },
        "local_modules/embedded_project/node_modules/is-browser": {
            "version": "1.0.0",
            "resolved": "https://registry.npmjs.org/is-browser/-/is-browser-1.0.0.tgz",
            "integrity": "sha1-LNc+d7KvOTaxNtIHFUcAoOqAoUo="
        },
        "node_modules/@scope/scoped_project": {
            "version": "1.0.0",
            "resolved": "file:local_modules/scope-scoped_project-1.0.0.tgz",
            "integrity": "sha512-iouVBVIh1CX87UK+VPpGTroH4P6LbuMg8szQyzH/uShDV0EAVuZnf9zC0tWOj4GWUSe4ReaBP7Iwib2+/rWbRw==",
            "license": "ISC"
        },
        "node_modules/embedded_project": {
            "resolved": "local_modules/embedded_project",
            "link": true
        },
        "node_modules/external_project": {
            "version": "1.0.0",
            "resolved": "file:local_modules/external_project-1.0.0.tgz",
            "integrity": "sha512-SDuU9tlwbEBYMi80KPRjfaqK8TMngtGRQYWcBbmKBuVRogEhghV5wuW/Z/T3H05mSSGiKzJjZQmbmoT2L9I+Qg==",
            "license": "ISC",
            "dependencies": {
                "is-browser": "^2.0.1"
            }
        },
        "node_modules/is-browser": {
            "version": "2.1.0",
            "resolved": "https://registry.npmjs.org/is-browser/-/is-browser-2.1.0.tgz",
            "integrity": "sha512-F5rTJxDQ2sW81fcfOR1GnCXT6sVJC104fCyfj+mjpwNEwaPYSn5fte5jiHmBg3DHsIoL/l8Kvw5VN5SsTRcRFQ=="
        },
        "node_modules/nest_project": {
            "version": "1.0.0",
            "resolved": "file:local_modules/nest_project-1.0.0.tgz",
            "integrity": "sha512-5MsrJwEoJNLvOW+XOuq28+sbpK27iXSkcdzB1+SDcYMm8OAwkTPH+x5pT0p6vGuftfiwzusekOJd02bUICLe2Q==",
            "license": "ISC",
            "dependencies": {
                "is-browser": "^2.0.1",
                "nested_project": "file:local_modules/nested_project-1.0.0.tgz"
            }
        },
        "node_modules/nested_project": {
            "version": "1.0.0",
            "resolved": "file:local_modules/nested_project-1.0.0.tgz",
            "integrity": "sha512-mglEjxZCTcXuOH5fkGs3x2KzvXFRUrd/C9dSGkVNFTJCx3QF+Fp4ukL1vFx3VmSYTuZRBBL23XpSXyPL1xbzZg==",
            "license": "ISC",
            "dependencies": {
                "is-browser": "^2.0.1"
            }
        }
    },
    "dependencies": {
        "@scope/scoped_project": {
            "version": "file:local_modules/scope-scoped_project-1.0.0.tgz",
            "integrity": "sha512-iouVBVIh1CX87UK+VPpGTroH4P6LbuMg8szQyzH/uShDV0EAVuZnf9zC0tWOj4GWUSe4ReaBP7Iwib2+/rWbRw=="
        },
        "embedded_project": {
            "version": "file:local_modules/embedded_project",
            "requires": {
                "is-browser": "^1.0.0"
            },
            "dependencies": {
                "is-browser": {
                    "version": "1.0.0",
                    "resolved": "https://registry.npmjs.org/is-browser/-/is-browser-1.0.0.tgz",
                    "integrity": "sha1-LNc+d7KvOTaxNtIHFUcAoOqAoUo="
                }
            }
        },
        "external_project": {
            "version": "file:local_modules/external_project-1.0.0.tgz",
            "integrity": "sha512-SDuU9tlwbEBYMi80KPRjfaqK8TMngtGRQYWcBbmKBuVRogEhghV5wuW/Z/T3H05mSSGiKzJjZQmbmoT2L9I+Qg==",
            "requires": {
                "is-browser": "^2.0.1"
            }
        },
        "is-browser": {
            "version": "2.1.0",
            "resolved": "https://registry.npmjs.org/is-browser/-/is-browser-2.1.0.tgz",
            "integrity": "sha512-F5rTJxDQ2sW81fcfOR1GnCXT6sVJC104fCyfj+mjpwNEwaPYSn5fte5jiHmBg3DHsIoL/l8Kvw5VN5SsTRcRFQ=="
        },
        "nest_project": {
            "version": "file:local_modules/nest_project-1.0.0.tgz",
            "integrity": "sha512-5MsrJwEoJNLvOW+XOuq28+sbpK27iXSkcdzB1+SDcYMm8OAwkTPH+x5pT0p6vGuftfiwzusekOJd02bUICLe2Q==",
            "requires": {
                "is-browser": "^2.0.1",
                "nested_project": "file:local_modules/nested_project-1.0.0.tgz"
            }
        },
        "nested_project": {
            "version": "file:local_modules/nested_project-1.0.0.tgz",
            "integrity": "sha512-mglEjxZCTcXuOH5fkGs3x2KzvXFRUrd/C9dSGkVNFTJCx3QF+Fp4ukL1vFx3VmSYTuZRBBL23XpSXyPL1xbzZg==",
            "requires": {
                "is-browser": "^2.0.1"
            }
        }
    }
}
