{
  "name": "base_project",
  "version": "1.0.0",
  "lockfileVersion": 2,
  "requires": true,
  "packages": {
    "": {
      "version": "1.0.0",
      "license": "ISC",
      "dependencies": {
        "@scope/scoped_project": "file:local_modules/scope-scoped_project-1.0.0.tgz",
        "external_project": "file:local_modules/external_project-1.0.0.tgz",
        "nest_project": "file:local_modules/nest_project-1.0.0.tgz",
        "nested_project": "file:local_modules/nested_project-1.0.0.tgz"
      }
    },
    "../external_project": {
      "version": "1.0.0",
      "extraneous": true,
      "license": "ISC",
      "dependencies": {
        "is-browser": "^2.0.1"
      }
    },
    "../nest_project": {
      "version": "1.0.0",
      "extraneous": true,
      "license": "ISC",
      "dependencies": {
        "is-browser": "^2.0.1",
        "nested_project": "file:local_modules/nested_project-1.0.0.tgz"
      }
    },
    "../scoped_project": {
      "name": "@scope/scoped_project",
      "version": "1.0.0",
      "extraneous": true,
      "license": "ISC"
    },
    "node_modules/@scope/scoped_project": {
      "version": "1.0.0",
      "resolved": "file:local_modules/scope-scoped_project-1.0.0.tgz",
      "integrity": "sha512-uixf1Di+iBlm4iO75iF02fbR5dZMaVHv9iRMwydv7BfKaNWt4wEtCiFhJtWwxbg3XPtdljhETe6NMmY6eFUMIA==",
      "license": "ISC"
    },
    "node_modules/external_project": {
      "version": "1.0.0",
      "resolved": "file:local_modules/external_project-1.0.0.tgz",
      "integrity": "sha512-WRPwVEC/6vnSApcaPE92pG0SKWxjs8cZIGlWHnK5xxuqyRevybkXVFPZjDX+CzY2Dyp9LDR9uiB9AUO7/w/8wg==",
      "license": "ISC",
      "dependencies": {
        "is-browser": "^2.0.1"
      }
    },
    "node_modules/is-browser": {
      "version": "2.1.0",
      "resolved": "https://registry.npmjs.org/is-browser/-/is-browser-2.1.0.tgz",
      "integrity": "sha512-F5rTJxDQ2sW81fcfOR1GnCXT6sVJC104fCyfj+mjpwNEwaPYSn5fte5jiHmBg3DHsIoL/l8Kvw5VN5SsTRcRFQ=="
    },
    "node_modules/nest_project": {
      "version": "1.0.0",
      "resolved": "file:local_modules/nest_project-1.0.0.tgz",
      "integrity": "sha512-3EGgoNhLe/l4hWv8OOeH6OGoH5JmvQwlUTcZ/CmmLrB73L1lWWUgSrdk6OLy4KBwdUzKZ7ReKv7wQ8Amk0bXuA==",
      "license": "ISC",
      "dependencies": {
        "is-browser": "^2.0.1",
        "nested_project": "file:local_modules/nested_project-1.0.0.tgz"
      }
    },
    "node_modules/nested_project": {
      "version": "1.0.0",
      "resolved": "file:local_modules/nested_project-1.0.0.tgz",
      "integrity": "sha512-BkxcUjVyUtdJSAfNdSW6eigCgHWgYI6y3I0kDOYrVOeXDmkW8a+lJ5lP65kGwVlbW4aOr+ijptKjh34puSCV6w==",
      "license": "ISC",
      "dependencies": {
        "is-browser": "^2.0.1"
      }
    }
  },
  "dependencies": {
    "@scope/scoped_project": {
      "version": "file:local_modules/scope-scoped_project-1.0.0.tgz",
      "integrity": "sha512-uixf1Di+iBlm4iO75iF02fbR5dZMaVHv9iRMwydv7BfKaNWt4wEtCiFhJtWwxbg3XPtdljhETe6NMmY6eFUMIA=="
    },
    "external_project": {
      "version": "file:local_modules/external_project-1.0.0.tgz",
      "integrity": "sha512-WRPwVEC/6vnSApcaPE92pG0SKWxjs8cZIGlWHnK5xxuqyRevybkXVFPZjDX+CzY2Dyp9LDR9uiB9AUO7/w/8wg==",
      "requires": {
        "is-browser": "^2.0.1"
      }
    },
    "is-browser": {
      "version": "2.1.0",
      "resolved": "https://registry.npmjs.org/is-browser/-/is-browser-2.1.0.tgz",
      "integrity": "sha512-F5rTJxDQ2sW81fcfOR1GnCXT6sVJC104fCyfj+mjpwNEwaPYSn5fte5jiHmBg3DHsIoL/l8Kvw5VN5SsTRcRFQ=="
    },
    "nest_project": {
      "version": "file:local_modules/nest_project-1.0.0.tgz",
      "integrity": "sha512-3EGgoNhLe/l4hWv8OOeH6OGoH5JmvQwlUTcZ/CmmLrB73L1lWWUgSrdk6OLy4KBwdUzKZ7ReKv7wQ8Amk0bXuA==",
      "requires": {
        "is-browser": "^2.0.1",
        "nested_project": "file:local_modules/nested_project-1.0.0.tgz"
      }
    },
    "nested_project": {
      "version": "file:local_modules/nested_project-1.0.0.tgz",
      "integrity": "sha512-BkxcUjVyUtdJSAfNdSW6eigCgHWgYI6y3I0kDOYrVOeXDmkW8a+lJ5lP65kGwVlbW4aOr+ijptKjh34puSCV6w==",
      "requires": {
        "is-browser": "^2.0.1"
      }
    }
  }
}
