{
    "name": "base_project",
    "version": "1.0.0",
    "lockfileVersion": 2,
    "requires": true,
    "packages": {
        "": {
            "version": "1.0.0",
            "license": "ISC",
            "dependencies": {
                "@scope/scoped_project": "file:local_modules/scope-scoped_project-1.0.0.tgz",
                "embedded_project": "file:local_modules/embedded_project",
                "external_project": "file:local_modules/external_project-1.0.0.tgz"
            }
        },
        "local_modules/embedded_project": {
            "version": "1.0.0",
            "license": "ISC",
            "dependencies": {
                "is-browser": "^1.0.0"
            }
        },
        "local_modules/embedded_project/node_modules/is-browser": {
            "version": "1.0.0",
            "resolved": "https://registry.npmjs.org/is-browser/-/is-browser-1.0.0.tgz",
            "integrity": "sha1-LNc+d7KvOTaxNtIHFUcAoOqAoUo="
        },
        "node_modules/@scope/scoped_project": {
            "version": "1.0.0",
            "resolved": "file:local_modules/scope-scoped_project-1.0.0.tgz",
            "integrity": "sha512-SjTlNIoS8fo1JpPUlW9+PLdI6M86PINv/8DUuR9MabwQIcm8Gl4ERKlL34iIWPh5aBspIrZQAFU7VYtXBEdk3g==",
            "license": "ISC"
        },
        "node_modules/embedded_project": {
            "resolved": "local_modules/embedded_project",
            "link": true
        },
        "node_modules/external_project": {
            "version": "1.0.0",
            "resolved": "file:local_modules/external_project-1.0.0.tgz",
            "integrity": "sha512-8pAwN/U+PR77CiOp5IY90P9W14TIY3IjeVpdzT9+7Oa26d0E8whuqlIRbdeTCV+XfJkgWyuVBe7dSF1X8arK2w==",
            "license": "ISC",
            "dependencies": {
                "is-browser": "^2.0.1"
            }
        },
        "node_modules/is-browser": {
            "version": "2.1.0",
            "resolved": "https://registry.npmjs.org/is-browser/-/is-browser-2.1.0.tgz",
            "integrity": "sha512-F5rTJxDQ2sW81fcfOR1GnCXT6sVJC104fCyfj+mjpwNEwaPYSn5fte5jiHmBg3DHsIoL/l8Kvw5VN5SsTRcRFQ=="
        }
    },
    "dependencies": {
        "@scope/scoped_project": {
            "version": "file:local_modules/scope-scoped_project-1.0.0.tgz",
            "integrity": "sha512-SjTlNIoS8fo1JpPUlW9+PLdI6M86PINv/8DUuR9MabwQIcm8Gl4ERKlL34iIWPh5aBspIrZQAFU7VYtXBEdk3g=="
        },
        "embedded_project": {
            "version": "file:local_modules/embedded_project",
            "requires": {
                "is-browser": "^1.0.0"
            },
            "dependencies": {
                "is-browser": {
                    "version": "1.0.0",
                    "resolved": "https://registry.npmjs.org/is-browser/-/is-browser-1.0.0.tgz",
                    "integrity": "sha1-LNc+d7KvOTaxNtIHFUcAoOqAoUo="
                }
            }
        },
        "external_project": {
            "version": "file:local_modules/external_project-1.0.0.tgz",
            "integrity": "sha512-8pAwN/U+PR77CiOp5IY90P9W14TIY3IjeVpdzT9+7Oa26d0E8whuqlIRbdeTCV+XfJkgWyuVBe7dSF1X8arK2w==",
            "requires": {
                "is-browser": "^2.0.1"
            }
        },
        "is-browser": {
            "version": "2.1.0",
            "resolved": "https://registry.npmjs.org/is-browser/-/is-browser-2.1.0.tgz",
            "integrity": "sha512-F5rTJxDQ2sW81fcfOR1GnCXT6sVJC104fCyfj+mjpwNEwaPYSn5fte5jiHmBg3DHsIoL/l8Kvw5VN5SsTRcRFQ=="
        }
    }
}
