# THIS IS AN AUTOGENERATED FILE. DO NOT EDIT THIS FILE DIRECTLY.
# yarn lockfile v1


"embedded_project@file:./local_modules/embedded_project":
  version "1.0.0"
  dependencies:
    is-browser "^1.0.0"

is-browser@^1.0.0:
  version "1.0.0"
  resolved "https://registry.yarnpkg.com/is-browser/-/is-browser-1.0.0.tgz#2cd73e77b2af3936b136d207154700a0ea80a14a"
  integrity sha1-LNc+d7KvOTaxNtIHFUcAoOqAoUo=

is-browser@^2.0.1:
  version "2.1.0"
  resolved "https://registry.yarnpkg.com/is-browser/-/is-browser-2.1.0.tgz#fc084d59a5fced307d6708c59356bad7007371a9"
  integrity sha512-F5rTJxDQ2sW81fcfOR1GnCXT6sVJC104fCyfj+mjpwNEwaPYSn5fte5jiHmBg3DHsIoL/l8Kvw5VN5SsTRcRFQ==

"nested_project@file:./local_modules/nested_project":
  version "1.0.0"
  dependencies:
    is-browser "^2.0.1"
