{
  "name": "embedded_project",
  "version": "1.0.0",
  "lockfileVersion": 2,
  "requires": true,
  "packages": {
    "": {
      "version": "1.0.0",
      "license": "ISC",
      "dependencies": {
        "is-browser": "^1.0.0"
      }
    },
    "node_modules/is-browser": {
      "version": "1.0.0",
      "resolved": "https://registry.npmjs.org/is-browser/-/is-browser-1.0.0.tgz",
      "integrity": "sha1-LNc+d7KvOTaxNtIHFUcAoOqAoUo="
    }
  },
  "dependencies": {
    "is-browser": {
      "version": "1.0.0",
      "resolved": "https://registry.npmjs.org/is-browser/-/is-browser-1.0.0.tgz",
      "integrity": "sha1-LNc+d7KvOTaxNtIHFUcAoOqAoUo="
    }
  }
}
